// !$*UTF8*$!
{
	archiveVersion = 1;
	classes = {
	};
	objectVersion = 56;
	objects = {

/* Begin PBXBuildFile section */
		B44487A42AE7B82A007C634E /* LibWhisper.swift in Sources */ = {isa = PBXBuildFile; fileRef = B444879D2AE7B82A007C634E /* LibWhisper.swift */; };
		B44487A52AE7B82A007C634E /* ggml-alloc.c in Sources */ = {isa = PBXBuildFile; fileRef = B444879E2AE7B82A007C634E /* ggml-alloc.c */; };
		B44487A62AE7B82A007C634E /* ggml.c in Sources */ = {isa = PBXBuildFile; fileRef = B444879F2AE7B82A007C634E /* ggml.c */; };
		B44487A72AE7B82A007C634E /* whisper.cpp in Sources */ = {isa = PBXBuildFile; fileRef = B44487A02AE7B82A007C634E /* whisper.cpp */; };
		B44487AB2AE7B856007C634E /* AudioManager.swift in Sources */ = {isa = PBXBuildFile; fileRef = B44487AA2AE7B856007C634E /* AudioManager.swift */; };
		B44487AE2AE7B8D0007C634E /* AudioKit in Frameworks */ = {isa = PBXBuildFile; productRef = B44487AD2AE7B8D0007C634E /* AudioKit */; };
		B44487B32AE7C7DE007C634E /* ggml-tiny.en.bin in Resources */ = {isa = PBXBuildFile; fileRef = B44487B22AE7C7DE007C634E /* ggml-tiny.en.bin */; };
		B44487B52AE7D7FC007C634E /* RiffWaveUtils.swift in Sources */ = {isa = PBXBuildFile; fileRef = B44487B42AE7D7FC007C634E /* RiffWaveUtils.swift */; };
		B44487BD2AE8D6CC007C634E /* Whisper.swift in Sources */ = {isa = PBXBuildFile; fileRef = B44487BC2AE8D6CC007C634E /* Whisper.swift */; };
		B47C53932AE7A1E3001E8E72 /* WhisperWebAudioFileApp.swift in Sources */ = {isa = PBXBuildFile; fileRef = B47C53922AE7A1E3001E8E72 /* WhisperWebAudioFileApp.swift */; };
		B47C53952AE7A1E3001E8E72 /* ContentView.swift in Sources */ = {isa = PBXBuildFile; fileRef = B47C53942AE7A1E3001E8E72 /* ContentView.swift */; };
		B47C53972AE7A1E4001E8E72 /* Assets.xcassets in Resources */ = {isa = PBXBuildFile; fileRef = B47C53962AE7A1E4001E8E72 /* Assets.xcassets */; };
		B47C539A2AE7A1E4001E8E72 /* Preview Assets.xcassets in Resources */ = {isa = PBXBuildFile; fileRef = B47C53992AE7A1E4001E8E72 /* Preview Assets.xcassets */; };
		B47C53A12AE7A20D001E8E72 /* WebView.swift in Sources */ = {isa = PBXBuildFile; fileRef = B47C53A02AE7A20D001E8E72 /* WebView.swift */; };
/* End PBXBuildFile section */

/* Begin PBXFileReference section */
		B444879C2AE7B82A007C634E /* whisper.h */ = {isa = PBXFileReference; fileEncoding = 4; lastKnownFileType = sourcecode.c.h; path = whisper.h; sourceTree = "<group>"; };
		B444879D2AE7B82A007C634E /* LibWhisper.swift */ = {isa = PBXFileReference; fileEncoding = 4; lastKnownFileType = sourcecode.swift; path = LibWhisper.swift; sourceTree = "<group>"; };
		B444879E2AE7B82A007C634E /* ggml-alloc.c */ = {isa = PBXFileReference; fileEncoding = 4; lastKnownFileType = sourcecode.c.c; path = "ggml-alloc.c"; sourceTree = "<group>"; };
		B444879F2AE7B82A007C634E /* ggml.c */ = {isa = PBXFileReference; fileEncoding = 4; lastKnownFileType = sourcecode.c.c; path = ggml.c; sourceTree = "<group>"; };
		B44487A02AE7B82A007C634E /* whisper.cpp */ = {isa = PBXFileReference; fileEncoding = 4; lastKnownFileType = sourcecode.cpp.cpp; path = whisper.cpp; sourceTree = "<group>"; };
		B44487A12AE7B82A007C634E /* ggml-alloc.h */ = {isa = PBXFileReference; fileEncoding = 4; lastKnownFileType = sourcecode.c.h; path = "ggml-alloc.h"; sourceTree = "<group>"; };
		B44487A22AE7B82A007C634E /* PlainWebView-SwiftUI-Bridging-Header.h */ = {isa = PBXFileReference; fileEncoding = 4; lastKnownFileType = sourcecode.c.h; path = "PlainWebView-SwiftUI-Bridging-Header.h"; sourceTree = "<group>"; };
		B44487A32AE7B82A007C634E /* ggml.h */ = {isa = PBXFileReference; fileEncoding = 4; lastKnownFileType = sourcecode.c.h; path = ggml.h; sourceTree = "<group>"; };
		B44487AA2AE7B856007C634E /* AudioManager.swift */ = {isa = PBXFileReference; fileEncoding = 4; lastKnownFileType = sourcecode.swift; path = AudioManager.swift; sourceTree = "<group>"; };
		B44487B22AE7C7DE007C634E /* ggml-tiny.en.bin */ = {isa = PBXFileReference; lastKnownFileType = archive.macbinary; path = "ggml-tiny.en.bin"; sourceTree = "<group>"; };
		B44487B42AE7D7FC007C634E /* RiffWaveUtils.swift */ = {isa = PBXFileReference; fileEncoding = 4; lastKnownFileType = sourcecode.swift; path = RiffWaveUtils.swift; sourceTree = "<group>"; };
		B44487BC2AE8D6CC007C634E /* Whisper.swift */ = {isa = PBXFileReference; lastKnownFileType = sourcecode.swift; path = Whisper.swift; sourceTree = "<group>"; };
		B47C538F2AE7A1E3001E8E72 /* WhisperWebAudioFile.app */ = {isa = PBXFileReference; explicitFileType = wrapper.application; includeInIndex = 0; path = WhisperWebAudioFile.app; sourceTree = BUILT_PRODUCTS_DIR; };
		B47C53922AE7A1E3001E8E72 /* WhisperWebAudioFileApp.swift */ = {isa = PBXFileReference; lastKnownFileType = sourcecode.swift; path = WhisperWebAudioFileApp.swift; sourceTree = "<group>"; };
		B47C53942AE7A1E3001E8E72 /* ContentView.swift */ = {isa = PBXFileReference; lastKnownFileType = sourcecode.swift; path = ContentView.swift; sourceTree = "<group>"; };
		B47C53962AE7A1E4001E8E72 /* Assets.xcassets */ = {isa = PBXFileReference; lastKnownFileType = folder.assetcatalog; path = Assets.xcassets; sourceTree = "<group>"; };
		B47C53992AE7A1E4001E8E72 /* Preview Assets.xcassets */ = {isa = PBXFileReference; lastKnownFileType = folder.assetcatalog; path = "Preview Assets.xcassets"; sourceTree = "<group>"; };
		B47C53A02AE7A20D001E8E72 /* WebView.swift */ = {isa = PBXFileReference; lastKnownFileType = sourcecode.swift; path = WebView.swift; sourceTree = "<group>"; };
/* End PBXFileReference section */

/* Begin PBXFrameworksBuildPhase section */
		B47C538C2AE7A1E3001E8E72 /* Frameworks */ = {
			isa = PBXFrameworksBuildPhase;
			buildActionMask = 2147483647;
			files = (
				B44487AE2AE7B8D0007C634E /* AudioKit in Frameworks */,
			);
			runOnlyForDeploymentPostprocessing = 0;
		};
/* End PBXFrameworksBuildPhase section */

/* Begin PBXGroup section */
		B444879B2AE7B82A007C634E /* whisper.cpp */ = {
			isa = PBXGroup;
			children = (
				B44487A22AE7B82A007C634E /* PlainWebView-SwiftUI-Bridging-Header.h */,
				B44487B42AE7D7FC007C634E /* RiffWaveUtils.swift */,
				B444879D2AE7B82A007C634E /* LibWhisper.swift */,
				B444879C2AE7B82A007C634E /* whisper.h */,
				B444879E2AE7B82A007C634E /* ggml-alloc.c */,
				B444879F2AE7B82A007C634E /* ggml.c */,
				B44487A02AE7B82A007C634E /* whisper.cpp */,
				B44487A12AE7B82A007C634E /* ggml-alloc.h */,
				B44487A32AE7B82A007C634E /* ggml.h */,
				B44487B22AE7C7DE007C634E /* ggml-tiny.en.bin */,
			);
			path = whisper.cpp;
			sourceTree = SOURCE_ROOT;
		};
		B47C53862AE7A1E3001E8E72 = {
			isa = PBXGroup;
			children = (
				B47C53912AE7A1E3001E8E72 /* WhisperWebAudioFile */,
				B47C53902AE7A1E3001E8E72 /* Products */,
			);
			sourceTree = "<group>";
		};
		B47C53902AE7A1E3001E8E72 /* Products */ = {
			isa = PBXGroup;
			children = (
				B47C538F2AE7A1E3001E8E72 /* WhisperWebAudioFile.app */,
			);
			name = Products;
			sourceTree = "<group>";
		};
		B47C53912AE7A1E3001E8E72 /* WhisperWebAudioFile */ = {
			isa = PBXGroup;
			children = (
				B47C53922AE7A1E3001E8E72 /* WhisperWebAudioFileApp.swift */,
				B47C53942AE7A1E3001E8E72 /* ContentView.swift */,
				B47C53A02AE7A20D001E8E72 /* WebView.swift */,
				B44487AA2AE7B856007C634E /* AudioManager.swift */,
				B44487BC2AE8D6CC007C634E /* Whisper.swift */,
				B444879B2AE7B82A007C634E /* whisper.cpp */,
				B47C53962AE7A1E4001E8E72 /* Assets.xcassets */,
				B47C53982AE7A1E4001E8E72 /* Preview Content */,
			);
			path = WhisperWebAudioFile;
			sourceTree = "<group>";
		};
		B47C53982AE7A1E4001E8E72 /* Preview Content */ = {
			isa = PBXGroup;
			children = (
				B47C53992AE7A1E4001E8E72 /* Preview Assets.xcassets */,
			);
			path = "Preview Content";
			sourceTree = "<group>";
		};
/* End PBXGroup section */

/* Begin PBXNativeTarget section */
		B47C538E2AE7A1E3001E8E72 /* WhisperWebAudioFile */ = {
			isa = PBXNativeTarget;
			buildConfigurationList = B47C539D2AE7A1E4001E8E72 /* Build configuration list for PBXNativeTarget "WhisperWebAudioFile" */;
			buildPhases = (
				B47C538B2AE7A1E3001E8E72 /* Sources */,
				B47C538C2AE7A1E3001E8E72 /* Frameworks */,
				B47C538D2AE7A1E3001E8E72 /* Resources */,
			);
			buildRules = (
			);
			dependencies = (
			);
			name = WhisperWebAudioFile;
			packageProductDependencies = (
				B44487AD2AE7B8D0007C634E /* AudioKit */,
			);
			productName = "PlainWebView-SwiftUI";
			productReference = B47C538F2AE7A1E3001E8E72 /* WhisperWebAudioFile.app */;
			productType = "com.apple.product-type.application";
		};
/* End PBXNativeTarget section */

/* Begin PBXProject section */
		B47C53872AE7A1E3001E8E72 /* Project object */ = {
			isa = PBXProject;
			attributes = {
				BuildIndependentTargetsInParallel = 1;
				LastSwiftUpdateCheck = 1430;
				LastUpgradeCheck = 1430;
				TargetAttributes = {
					B47C538E2AE7A1E3001E8E72 = {
						CreatedOnToolsVersion = 14.3;
					};
				};
			};
			buildConfigurationList = B47C538A2AE7A1E3001E8E72 /* Build configuration list for PBXProject "WhisperWebAudioFile" */;
			compatibilityVersion = "Xcode 14.0";
			developmentRegion = en;
			hasScannedForEncodings = 0;
			knownRegions = (
				en,
				Base,
			);
			mainGroup = B47C53862AE7A1E3001E8E72;
			packageReferences = (
				B44487AC2AE7B8D0007C634E /* XCRemoteSwiftPackageReference "AudioKit" */,
			);
			productRefGroup = B47C53902AE7A1E3001E8E72 /* Products */;
			projectDirPath = "";
			projectRoot = "";
			targets = (
				B47C538E2AE7A1E3001E8E72 /* WhisperWebAudioFile */,
			);
		};
/* End PBXProject section */

/* Begin PBXResourcesBuildPhase section */
		B47C538D2AE7A1E3001E8E72 /* Resources */ = {
			isa = PBXResourcesBuildPhase;
			buildActionMask = 2147483647;
			files = (
				B44487B32AE7C7DE007C634E /* ggml-tiny.en.bin in Resources */,
				B47C539A2AE7A1E4001E8E72 /* Preview Assets.xcassets in Resources */,
				B47C53972AE7A1E4001E8E72 /* Assets.xcassets in Resources */,
			);
			runOnlyForDeploymentPostprocessing = 0;
		};
/* End PBXResourcesBuildPhase section */

/* Begin PBXSourcesBuildPhase section */
		B47C538B2AE7A1E3001E8E72 /* Sources */ = {
			isa = PBXSourcesBuildPhase;
			buildActionMask = 2147483647;
			files = (
				B44487A42AE7B82A007C634E /* LibWhisper.swift in Sources */,
				B44487A52AE7B82A007C634E /* ggml-alloc.c in Sources */,
				B44487A72AE7B82A007C634E /* whisper.cpp in Sources */,
				B44487A62AE7B82A007C634E /* ggml.c in Sources */,
				B47C53A12AE7A20D001E8E72 /* WebView.swift in Sources */,
				B44487B52AE7D7FC007C634E /* RiffWaveUtils.swift in Sources */,
				B44487BD2AE8D6CC007C634E /* Whisper.swift in Sources */,
				B47C53952AE7A1E3001E8E72 /* ContentView.swift in Sources */,
				B47C53932AE7A1E3001E8E72 /* WhisperWebAudioFileApp.swift in Sources */,
				B44487AB2AE7B856007C634E /* AudioManager.swift in Sources */,
			);
			runOnlyForDeploymentPostprocessing = 0;
		};
/* End PBXSourcesBuildPhase section */

/* Begin XCBuildConfiguration section */
		B47C539B2AE7A1E4001E8E72 /* Debug */ = {
			isa = XCBuildConfiguration;
			buildSettings = {
				ALWAYS_SEARCH_USER_PATHS = NO;
				CLANG_ANALYZER_NONNULL = YES;
				CLANG_ANALYZER_NUMBER_OBJECT_CONVERSION = YES_AGGRESSIVE;
				CLANG_CXX_LANGUAGE_STANDARD = "gnu++20";
				CLANG_ENABLE_MODULES = YES;
				CLANG_ENABLE_OBJC_ARC = YES;
				CLANG_ENABLE_OBJC_WEAK = YES;
				CLANG_WARN_BLOCK_CAPTURE_AUTORELEASING = YES;
				CLANG_WARN_BOOL_CONVERSION = YES;
				CLANG_WARN_COMMA = YES;
				CLANG_WARN_CONSTANT_CONVERSION = YES;
				CLANG_WARN_DEPRECATED_OBJC_IMPLEMENTATIONS = YES;
				CLANG_WARN_DIRECT_OBJC_ISA_USAGE = YES_ERROR;
				CLANG_WARN_DOCUMENTATION_COMMENTS = YES;
				CLANG_WARN_EMPTY_BODY = YES;
				CLANG_WARN_ENUM_CONVERSION = YES;
				CLANG_WARN_INFINITE_RECURSION = YES;
				CLANG_WARN_INT_CONVERSION = YES;
				CLANG_WARN_NON_LITERAL_NULL_CONVERSION = YES;
				CLANG_WARN_OBJC_IMPLICIT_RETAIN_SELF = YES;
				CLANG_WARN_OBJC_LITERAL_CONVERSION = YES;
				CLANG_WARN_OBJC_ROOT_CLASS = YES_ERROR;
				CLANG_WARN_QUOTED_INCLUDE_IN_FRAMEWORK_HEADER = YES;
				CLANG_WARN_RANGE_LOOP_ANALYSIS = YES;
				CLANG_WARN_STRICT_PROTOTYPES = YES;
				CLANG_WARN_SUSPICIOUS_MOVE = YES;
				CLANG_WARN_UNGUARDED_AVAILABILITY = YES_AGGRESSIVE;
				CLANG_WARN_UNREACHABLE_CODE = YES;
				CLANG_WARN__DUPLICATE_METHOD_MATCH = YES;
				COPY_PHASE_STRIP = NO;
				DEBUG_INFORMATION_FORMAT = dwarf;
				ENABLE_STRICT_OBJC_MSGSEND = YES;
				ENABLE_TESTABILITY = YES;
				GCC_C_LANGUAGE_STANDARD = gnu11;
				GCC_DYNAMIC_NO_PIC = NO;
				GCC_NO_COMMON_BLOCKS = YES;
				GCC_OPTIMIZATION_LEVEL = 0;
				GCC_PREPROCESSOR_DEFINITIONS = (
					"DEBUG=1",
					"$(inherited)",
				);
				GCC_WARN_64_TO_32_BIT_CONVERSION = YES;
				GCC_WARN_ABOUT_RETURN_TYPE = YES_ERROR;
				GCC_WARN_UNDECLARED_SELECTOR = YES;
				GCC_WARN_UNINITIALIZED_AUTOS = YES_AGGRESSIVE;
				GCC_WARN_UNUSED_FUNCTION = YES;
				GCC_WARN_UNUSED_VARIABLE = YES;
				IPHONEOS_DEPLOYMENT_TARGET = 16.4;
				MTL_ENABLE_DEBUG_INFO = INCLUDE_SOURCE;
				MTL_FAST_MATH = YES;
				ONLY_ACTIVE_ARCH = YES;
				SDKROOT = iphoneos;
				SWIFT_ACTIVE_COMPILATION_CONDITIONS = DEBUG;
				SWIFT_OPTIMIZATION_LEVEL = "-Onone";
			};
			name = Debug;
		};
		B47C539C2AE7A1E4001E8E72 /* Release */ = {
			isa = XCBuildConfiguration;
			buildSettings = {
				ALWAYS_SEARCH_USER_PATHS = NO;
				CLANG_ANALYZER_NONNULL = YES;
				CLANG_ANALYZER_NUMBER_OBJECT_CONVERSION = YES_AGGRESSIVE;
				CLANG_CXX_LANGUAGE_STANDARD = "gnu++20";
				CLANG_ENABLE_MODULES = YES;
				CLANG_ENABLE_OBJC_ARC = YES;
				CLANG_ENABLE_OBJC_WEAK = YES;
				CLANG_WARN_BLOCK_CAPTURE_AUTORELEASING = YES;
				CLANG_WARN_BOOL_CONVERSION = YES;
				CLANG_WARN_COMMA = YES;
				CLANG_WARN_CONSTANT_CONVERSION = YES;
				CLANG_WARN_DEPRECATED_OBJC_IMPLEMENTATIONS = YES;
				CLANG_WARN_DIRECT_OBJC_ISA_USAGE = YES_ERROR;
				CLANG_WARN_DOCUMENTATION_COMMENTS = YES;
				CLANG_WARN_EMPTY_BODY = YES;
				CLANG_WARN_ENUM_CONVERSION = YES;
				CLANG_WARN_INFINITE_RECURSION = YES;
				CLANG_WARN_INT_CONVERSION = YES;
				CLANG_WARN_NON_LITERAL_NULL_CONVERSION = YES;
				CLANG_WARN_OBJC_IMPLICIT_RETAIN_SELF = YES;
				CLANG_WARN_OBJC_LITERAL_CONVERSION = YES;
				CLANG_WARN_OBJC_ROOT_CLASS = YES_ERROR;
				CLANG_WARN_QUOTED_INCLUDE_IN_FRAMEWORK_HEADER = YES;
				CLANG_WARN_RANGE_LOOP_ANALYSIS = YES;
				CLANG_WARN_STRICT_PROTOTYPES = YES;
				CLANG_WARN_SUSPICIOUS_MOVE = YES;
				CLANG_WARN_UNGUARDED_AVAILABILITY = YES_AGGRESSIVE;
				CLANG_WARN_UNREACHABLE_CODE = YES;
				CLANG_WARN__DUPLICATE_METHOD_MATCH = YES;
				COPY_PHASE_STRIP = NO;
				DEBUG_INFORMATION_FORMAT = "dwarf-with-dsym";
				ENABLE_NS_ASSERTIONS = NO;
				ENABLE_STRICT_OBJC_MSGSEND = YES;
				GCC_C_LANGUAGE_STANDARD = gnu11;
				GCC_NO_COMMON_BLOCKS = YES;
				GCC_WARN_64_TO_32_BIT_CONVERSION = YES;
				GCC_WARN_ABOUT_RETURN_TYPE = YES_ERROR;
				GCC_WARN_UNDECLARED_SELECTOR = YES;
				GCC_WARN_UNINITIALIZED_AUTOS = YES_AGGRESSIVE;
				GCC_WARN_UNUSED_FUNCTION = YES;
				GCC_WARN_UNUSED_VARIABLE = YES;
				IPHONEOS_DEPLOYMENT_TARGET = 16.4;
				MTL_ENABLE_DEBUG_INFO = NO;
				MTL_FAST_MATH = YES;
				SDKROOT = iphoneos;
				SWIFT_COMPILATION_MODE = wholemodule;
				SWIFT_OPTIMIZATION_LEVEL = "-O";
				VALIDATE_PRODUCT = YES;
			};
			name = Release;
		};
		B47C539E2AE7A1E4001E8E72 /* Debug */ = {
			isa = XCBuildConfiguration;
			buildSettings = {
				ASSETCATALOG_COMPILER_APPICON_NAME = AppIcon;
				ASSETCATALOG_COMPILER_GLOBAL_ACCENT_COLOR_NAME = AccentColor;
				CODE_SIGN_STYLE = Automatic;
				CURRENT_PROJECT_VERSION = 1;
				DEFINES_MODULE = YES;
				DEVELOPMENT_ASSET_PATHS = "\"WhisperWebAudioFile/Preview Content\"";
				DEVELOPMENT_TEAM = MX2B93FCVT;
				ENABLE_PREVIEWS = YES;
				GENERATE_INFOPLIST_FILE = YES;
				INFOPLIST_KEY_UIApplicationSceneManifest_Generation = YES;
				INFOPLIST_KEY_UIApplicationSupportsIndirectInputEvents = YES;
				INFOPLIST_KEY_UILaunchScreen_Generation = YES;
				INFOPLIST_KEY_UISupportedInterfaceOrientations_iPad = "UIInterfaceOrientationPortrait UIInterfaceOrientationPortraitUpsideDown UIInterfaceOrientationLandscapeLeft UIInterfaceOrientationLandscapeRight";
				INFOPLIST_KEY_UISupportedInterfaceOrientations_iPhone = "UIInterfaceOrientationPortrait UIInterfaceOrientationLandscapeLeft UIInterfaceOrientationLandscapeRight";
				LD_RUNPATH_SEARCH_PATHS = (
					"$(inherited)",
					"@executable_path/Frameworks",
				);
				MARKETING_VERSION = 1.0;
				PRODUCT_BUNDLE_IDENTIFIER = com.skw398.WhisperWebAudioFile;
				PRODUCT_NAME = "$(TARGET_NAME)";
				SWIFT_EMIT_LOC_STRINGS = YES;
				SWIFT_OBJC_BRIDGING_HEADER = "whisper.cpp/PlainWebView-SwiftUI-Bridging-Header.h";
				SWIFT_VERSION = 5.0;
				TARGETED_DEVICE_FAMILY = "1,2";
			};
			name = Debug;
		};
		B47C539F2AE7A1E4001E8E72 /* Release */ = {
			isa = XCBuildConfiguration;
			buildSettings = {
				ASSETCATALOG_COMPILER_APPICON_NAME = AppIcon;
				ASSETCATALOG_COMPILER_GLOBAL_ACCENT_COLOR_NAME = AccentColor;
				CODE_SIGN_STYLE = Automatic;
				CURRENT_PROJECT_VERSION = 1;
				DEFINES_MODULE = YES;
				DEVELOPMENT_ASSET_PATHS = "\"WhisperWebAudioFile/Preview Content\"";
				DEVELOPMENT_TEAM = MX2B93FCVT;
				ENABLE_PREVIEWS = YES;
				GENERATE_INFOPLIST_FILE = YES;
				INFOPLIST_KEY_UIApplicationSceneManifest_Generation = YES;
				INFOPLIST_KEY_UIApplicationSupportsIndirectInputEvents = YES;
				INFOPLIST_KEY_UILaunchScreen_Generation = YES;
				INFOPLIST_KEY_UISupportedInterfaceOrientations_iPad = "UIInterfaceOrientationPortrait UIInterfaceOrientationPortraitUpsideDown UIInterfaceOrientationLandscapeLeft UIInterfaceOrientationLandscapeRight";
				INFOPLIST_KEY_UISupportedInterfaceOrientations_iPhone = "UIInterfaceOrientationPortrait UIInterfaceOrientationLandscapeLeft UIInterfaceOrientationLandscapeRight";
				LD_RUNPATH_SEARCH_PATHS = (
					"$(inherited)",
					"@executable_path/Frameworks",
				);
				MARKETING_VERSION = 1.0;
				PRODUCT_BUNDLE_IDENTIFIER = com.skw398.WhisperWebAudioFile;
				PRODUCT_NAME = "$(TARGET_NAME)";
				SWIFT_EMIT_LOC_STRINGS = YES;
				SWIFT_OBJC_BRIDGING_HEADER = "whisper.cpp/PlainWebView-SwiftUI-Bridging-Header.h";
				SWIFT_VERSION = 5.0;
				TARGETED_DEVICE_FAMILY = "1,2";
			};
			name = Release;
		};
/* End XCBuildConfiguration section */

/* Begin XCConfigurationList section */
		B47C538A2AE7A1E3001E8E72 /* Build configuration list for PBXProject "WhisperWebAudioFile" */ = {
			isa = XCConfigurationList;
			buildConfigurations = (
				B47C539B2AE7A1E4001E8E72 /* Debug */,
				B47C539C2AE7A1E4001E8E72 /* Release */,
			);
			defaultConfigurationIsVisible = 0;
			defaultConfigurationName = Release;
		};
		B47C539D2AE7A1E4001E8E72 /* Build configuration list for PBXNativeTarget "WhisperWebAudioFile" */ = {
			isa = XCConfigurationList;
			buildConfigurations = (
				B47C539E2AE7A1E4001E8E72 /* Debug */,
				B47C539F2AE7A1E4001E8E72 /* Release */,
			);
			defaultConfigurationIsVisible = 0;
			defaultConfigurationName = Release;
		};
/* End XCConfigurationList section */

/* Begin XCRemoteSwiftPackageReference section */
		B44487AC2AE7B8D0007C634E /* XCRemoteSwiftPackageReference "AudioKit" */ = {
			isa = XCRemoteSwiftPackageReference;
			repositoryURL = "https://github.com/AudioKit/AudioKit.git";
			requirement = {
				kind = upToNextMajorVersion;
				minimumVersion = 5.0.0;
			};
		};
/* End XCRemoteSwiftPackageReference section */

/* Begin XCSwiftPackageProductDependency section */
		B44487AD2AE7B8D0007C634E /* AudioKit */ = {
			isa = XCSwiftPackageProductDependency;
			package = B44487AC2AE7B8D0007C634E /* XCRemoteSwiftPackageReference "AudioKit" */;
			productName = AudioKit;
		};
/* End XCSwiftPackageProductDependency section */
	};
	rootObject = B47C53872AE7A1E3001E8E72 /* Project object */;
}
